
Microsoft Visual Studio Solution File, Format Version 12.00
# Visual Studio Version 16
VisualStudioVersion = 16.0.29519.181
MinimumVisualStudioVersion = 10.0.40219.1
Project("{FAE04EC0-301F-11D3-BF4B-00C04F79EFBC}") = "Server", "Server\Server.csproj", "{5F7C68FE-1047-4923-B121-DA52E2F2CC87}"
EndProject
Global
	GlobalSection(SolutionConfigurationPlatforms) = preSolution
		Debug|Any CPU = Debug|Any CPU
		Release|Any CPU = Release|Any CPU
	EndGlobalSection
	GlobalSection(ProjectConfigurationPlatforms) = postSolution
		{5F7C68FE-1047-4923-B121-DA52E2F2CC87}.Debug|Any CPU.ActiveCfg = Debug|Any CPU
		{5F7C68FE-1047-4923-B121-DA52E2F2CC87}.Debug|Any CPU.Build.0 = Debug|Any CPU
		{5F7C68FE-1047-4923-B121-DA52E2F2CC87}.Release|Any CPU.ActiveCfg = Release|Any CPU
		{5F7C68FE-1047-4923-B121-DA52E2F2CC87}.Release|Any CPU.Build.0 = Release|Any CPU
	EndGlobalSection
	GlobalSection(SolutionProperties) = preSolution
		HideSolutionNode = FALSE
	EndGlobalSection
	GlobalSection(ExtensibilityGlobals) = postSolution
		SolutionGuid = {1835CA6A-3873-4140-A18F-11D7CFCAD6D7}
	EndGlobalSection
EndGlobal
